
Microsoft Visual Studio Solution File, Format Version 12.00
# Visual Studio 15
VisualStudioVersion = 15.0.27703.2047
MinimumVisualStudioVersion = 10.0.40219.1
Project("{FAE04EC0-301F-11D3-BF4B-00C04F79EFBC}") = "ChessServer", "WebApplication3\ChessServer.csproj", "{E4192FE6-6AC1-4205-90CF-F0EFC14EAB92}"
	ProjectSection(ProjectDependencies) = postProject
		{1E2F15E5-9451-4DAB-9F6E-0944992B6F27} = {1E2F15E5-9451-4DAB-9F6E-0944992B6F27}
	EndProjectSection
EndProject
Project("{9A19103F-16F7-4668-BE54-9A1E7A4F7556}") = "ChessDotNet", "Chess.NET-master\ChessDotNet\ChessDotNet.csproj", "{1E2F15E5-9451-4DAB-9F6E-0944992B6F27}"
EndProject
Project("{FAE04EC0-301F-11D3-BF4B-00C04F79EFBC}") = "DAL", "C:\Users\Bar\Desktop\Solution - Copy\DAL\DAL.csproj", "{C244BCD9-1BEE-4518-B3C6-88B9CC89C58F}"
EndProject
Global
	GlobalSection(SolutionConfigurationPlatforms) = preSolution
		Debug|Any CPU = Debug|Any CPU
		Release|Any CPU = Release|Any CPU
	EndGlobalSection
	GlobalSection(ProjectConfigurationPlatforms) = postSolution
		{E4192FE6-6AC1-4205-90CF-F0EFC14EAB92}.Debug|Any CPU.ActiveCfg = Debug|Any CPU
		{E4192FE6-6AC1-4205-90CF-F0EFC14EAB92}.Debug|Any CPU.Build.0 = Debug|Any CPU
		{E4192FE6-6AC1-4205-90CF-F0EFC14EAB92}.Release|Any CPU.ActiveCfg = Release|Any CPU
		{E4192FE6-6AC1-4205-90CF-F0EFC14EAB92}.Release|Any CPU.Build.0 = Release|Any CPU
		{1E2F15E5-9451-4DAB-9F6E-0944992B6F27}.Debug|Any CPU.ActiveCfg = Debug|Any CPU
		{1E2F15E5-9451-4DAB-9F6E-0944992B6F27}.Debug|Any CPU.Build.0 = Debug|Any CPU
		{1E2F15E5-9451-4DAB-9F6E-0944992B6F27}.Release|Any CPU.ActiveCfg = Release|Any CPU
		{1E2F15E5-9451-4DAB-9F6E-0944992B6F27}.Release|Any CPU.Build.0 = Release|Any CPU
		{C244BCD9-1BEE-4518-B3C6-88B9CC89C58F}.Debug|Any CPU.ActiveCfg = Debug|Any CPU
		{C244BCD9-1BEE-4518-B3C6-88B9CC89C58F}.Debug|Any CPU.Build.0 = Debug|Any CPU
		{C244BCD9-1BEE-4518-B3C6-88B9CC89C58F}.Release|Any CPU.ActiveCfg = Release|Any CPU
		{C244BCD9-1BEE-4518-B3C6-88B9CC89C58F}.Release|Any CPU.Build.0 = Release|Any CPU
	EndGlobalSection
	GlobalSection(SolutionProperties) = preSolution
		HideSolutionNode = FALSE
	EndGlobalSection
	GlobalSection(ExtensibilityGlobals) = postSolution
		SolutionGuid = {EF6D93A3-9782-4798-B82B-60C7F5D12287}
	EndGlobalSection
EndGlobal
